// !$*UTF8*$!
{
	archiveVersion = 1;
	classes = {
	};
	objectVersion = 46;
	objects = {

/* Begin PBXBuildFile section */
		EB87CFC01F5FF53E00E8E608 /* StackingNDFilterVC.swift in Sources */ = {isa = PBXBuildFile; fileRef = EB87CFBF1F5FF53E00E8E608 /* StackingNDFilterVC.swift */; };
		EB87CFC21F600D5F00E8E608 /* FractionStringToFractionFloat.swift in Sources */ = {isa = PBXBuildFile; fileRef = EB87CFC11F600D5F00E8E608 /* FractionStringToFractionFloat.swift */; };
		EB87CFC41F60110500E8E608 /* StackingNdFiltersCalculator.swift in Sources */ = {isa = PBXBuildFile; fileRef = EB87CFC31F60110500E8E608 /* StackingNdFiltersCalculator.swift */; };
		EB87CFC71F60758300E8E608 /* WeatherVC.swift in Sources */ = {isa = PBXBuildFile; fileRef = EB87CFC61F60758300E8E608 /* WeatherVC.swift */; };
		EB87CFCA1F60911C00E8E608 /* CellInWeatherVC.swift in Sources */ = {isa = PBXBuildFile; fileRef = EB87CFC91F60911C00E8E608 /* CellInWeatherVC.swift */; };
		EBB0BD921F51AE450017E570 /* ConfigureKitVC.swift in Sources */ = {isa = PBXBuildFile; fileRef = EBB0BD911F51AE450017E570 /* ConfigureKitVC.swift */; };
		EBB0BD941F51B9860017E570 /* CellInConfigureKitController.swift in Sources */ = {isa = PBXBuildFile; fileRef = EBB0BD931F51B9860017E570 /* CellInConfigureKitController.swift */; };
		EBB0BD981F51ED240017E570 /* NameKitVC.swift in Sources */ = {isa = PBXBuildFile; fileRef = EBB0BD971F51ED240017E570 /* NameKitVC.swift */; };
		EBB0BD9A1F531DFA0017E570 /* AddGearToKitVC.swift in Sources */ = {isa = PBXBuildFile; fileRef = EBB0BD991F531DFA0017E570 /* AddGearToKitVC.swift */; };
		EBB0BD9C1F535C990017E570 /* CheckMarkOfCollectionViewCell.swift in Sources */ = {isa = PBXBuildFile; fileRef = EBB0BD9B1F535C990017E570 /* CheckMarkOfCollectionViewCell.swift */; };
		EBB0BD9E1F5368420017E570 /* UICollectionViewControllerEx.swift in Sources */ = {isa = PBXBuildFile; fileRef = EBB0BD9D1F5368420017E570 /* UICollectionViewControllerEx.swift */; };
		EBB0BDA01F572CC80017E570 /* AddKitsForGearVC.swift in Sources */ = {isa = PBXBuildFile; fileRef = EBB0BD9F1F572CC80017E570 /* AddKitsForGearVC.swift */; };
		EBB0BDA21F5865530017E570 /* SearchGearVC.swift in Sources */ = {isa = PBXBuildFile; fileRef = EBB0BDA11F5865530017E570 /* SearchGearVC.swift */; };
		EBB0BDA81F5E98980017E570 /* CalculatingVC.swift in Sources */ = {isa = PBXBuildFile; fileRef = EBB0BDA71F5E98980017E570 /* CalculatingVC.swift */; };
		EBB0BDAA1F5EA19F0017E570 /* DepthOfFieldVC.swift in Sources */ = {isa = PBXBuildFile; fileRef = EBB0BDA91F5EA19F0017E570 /* DepthOfFieldVC.swift */; };
		EBB0BDAE1F5F36A90017E570 /* PhotographyParameter.swift in Sources */ = {isa = PBXBuildFile; fileRef = EBB0BDAD1F5F36A90017E570 /* PhotographyParameter.swift */; };
		EBB51C951F2CFDD8008AB300 /* AppDelegate.swift in Sources */ = {isa = PBXBuildFile; fileRef = EBB51C941F2CFDD8008AB300 /* AppDelegate.swift */; };
		EBB51C971F2CFDD8008AB300 /* MainScreenVC.swift in Sources */ = {isa = PBXBuildFile; fileRef = EBB51C961F2CFDD8008AB300 /* MainScreenVC.swift */; };
		EBB51C9A1F2CFDD8008AB300 /* Main.storyboard in Resources */ = {isa = PBXBuildFile; fileRef = EBB51C981F2CFDD8008AB300 /* Main.storyboard */; };
		EBB51C9D1F2CFDD8008AB300 /* Pretium.xcdatamodeld in Sources */ = {isa = PBXBuildFile; fileRef = EBB51C9B1F2CFDD8008AB300 /* Pretium.xcdatamodeld */; };
		EBB51C9F1F2CFDD8008AB300 /* Assets.xcassets in Resources */ = {isa = PBXBuildFile; fileRef = EBB51C9E1F2CFDD8008AB300 /* Assets.xcassets */; };
		EBB51CA21F2CFDD8008AB300 /* LaunchScreen.storyboard in Resources */ = {isa = PBXBuildFile; fileRef = EBB51CA01F2CFDD8008AB300 /* LaunchScreen.storyboard */; };
		EBB51CAD1F2E69FB008AB300 /* AppDelegateEx.swift in Sources */ = {isa = PBXBuildFile; fileRef = EBB51CAC1F2E69FB008AB300 /* AppDelegateEx.swift */; };
		EBB51CB31F2E7A4E008AB300 /* CustomButtonMainScreen.swift in Sources */ = {isa = PBXBuildFile; fileRef = EBB51CB21F2E7A4E008AB300 /* CustomButtonMainScreen.swift */; };
		EBB51CB71F2FBD22008AB300 /* RadialGradientView.swift in Sources */ = {isa = PBXBuildFile; fileRef = EBB51CB61F2FBD22008AB300 /* RadialGradientView.swift */; };
		EBB51CB91F2FCB2B008AB300 /* GearManagementVC.swift in Sources */ = {isa = PBXBuildFile; fileRef = EBB51CB81F2FCB2B008AB300 /* GearManagementVC.swift */; };
		EBB51CBC1F30C8B5008AB300 /* Constant.swift in Sources */ = {isa = PBXBuildFile; fileRef = EBB51CBB1F30C8B5008AB300 /* Constant.swift */; };
		EBB51CFB1F38C581008AB300 /* ConfigureGearVC.swift in Sources */ = {isa = PBXBuildFile; fileRef = EBB51CFA1F38C581008AB300 /* ConfigureGearVC.swift */; };
		EBB51CFF1F3A21D6008AB300 /* CellInAddGearController.swift in Sources */ = {isa = PBXBuildFile; fileRef = EBB51CFE1F3A21D6008AB300 /* CellInAddGearController.swift */; };
		EBB51D031F3A5F02008AB300 /* CustomPaddingTextField.swift in Sources */ = {isa = PBXBuildFile; fileRef = EBB51D021F3A5F02008AB300 /* CustomPaddingTextField.swift */; };
		EBB51D071F3CBC91008AB300 /* UIViewControllerEx.swift in Sources */ = {isa = PBXBuildFile; fileRef = EBB51D061F3CBC91008AB300 /* UIViewControllerEx.swift */; };
		EBB51D091F421A31008AB300 /* StringEx.swift in Sources */ = {isa = PBXBuildFile; fileRef = EBB51D081F421A31008AB300 /* StringEx.swift */; };
		EBB51D0D1F44BD14008AB300 /* CategorySelectionVC.swift in Sources */ = {isa = PBXBuildFile; fileRef = EBB51D0C1F44BD14008AB300 /* CategorySelectionVC.swift */; };
		EBB51D0F1F44BE00008AB300 /* CellInCategoryControlller.swift in Sources */ = {isa = PBXBuildFile; fileRef = EBB51D0E1F44BE00008AB300 /* CellInCategoryControlller.swift */; };
		EBB51D121F44E19F008AB300 /* SendAndReceiveDataDelegate.swift in Sources */ = {isa = PBXBuildFile; fileRef = EBB51D111F44E19F008AB300 /* SendAndReceiveDataDelegate.swift */; };
		EBB51D2B1F4A0FEC008AB300 /* CustomCellInGearManagementController.swift in Sources */ = {isa = PBXBuildFile; fileRef = EBB51D2A1F4A0FEC008AB300 /* CustomCellInGearManagementController.swift */; };
		EBB51D4C1F4B6FD4008AB300 /* Gear+CoreDataClass.swift in Sources */ = {isa = PBXBuildFile; fileRef = EBB51D461F4B6FD4008AB300 /* Gear+CoreDataClass.swift */; };
		EBB51D4D1F4B6FD4008AB300 /* Gear+CoreDataProperties.swift in Sources */ = {isa = PBXBuildFile; fileRef = EBB51D471F4B6FD4008AB300 /* Gear+CoreDataProperties.swift */; };
		EBB51D4E1F4B6FD4008AB300 /* Category+CoreDataClass.swift in Sources */ = {isa = PBXBuildFile; fileRef = EBB51D481F4B6FD4008AB300 /* Category+CoreDataClass.swift */; };
		EBB51D4F1F4B6FD4008AB300 /* Category+CoreDataProperties.swift in Sources */ = {isa = PBXBuildFile; fileRef = EBB51D491F4B6FD4008AB300 /* Category+CoreDataProperties.swift */; };
		EBB51D501F4B6FD4008AB300 /* Kit+CoreDataClass.swift in Sources */ = {isa = PBXBuildFile; fileRef = EBB51D4A1F4B6FD4008AB300 /* Kit+CoreDataClass.swift */; };
		EBB51D511F4B6FD4008AB300 /* Kit+CoreDataProperties.swift in Sources */ = {isa = PBXBuildFile; fileRef = EBB51D4B1F4B6FD4008AB300 /* Kit+CoreDataProperties.swift */; };
		EBB51D531F4C278F008AB300 /* GearInCategoryOrKitVC.swift in Sources */ = {isa = PBXBuildFile; fileRef = EBB51D521F4C278F008AB300 /* GearInCategoryOrKitVC.swift */; };
/* End PBXBuildFile section */

/* Begin PBXFileReference section */
		EB87CFBF1F5FF53E00E8E608 /* StackingNDFilterVC.swift */ = {isa = PBXFileReference; fileEncoding = 4; lastKnownFileType = sourcecode.swift; name = StackingNDFilterVC.swift; path = Controller/Calculating/StackingNDFilterVC.swift; sourceTree = "<group>"; };
		EB87CFC11F600D5F00E8E608 /* FractionStringToFractionFloat.swift */ = {isa = PBXFileReference; fileEncoding = 4; lastKnownFileType = sourcecode.swift; path = FractionStringToFractionFloat.swift; sourceTree = "<group>"; };
		EB87CFC31F60110500E8E608 /* StackingNdFiltersCalculator.swift */ = {isa = PBXFileReference; fileEncoding = 4; lastKnownFileType = sourcecode.swift; name = StackingNdFiltersCalculator.swift; path = Calculating/StackingNdFiltersCalculator.swift; sourceTree = "<group>"; };
		EB87CFC61F60758300E8E608 /* WeatherVC.swift */ = {isa = PBXFileReference; fileEncoding = 4; lastKnownFileType = sourcecode.swift; name = WeatherVC.swift; path = Controller/Weather/WeatherVC.swift; sourceTree = "<group>"; };
		EB87CFC91F60911C00E8E608 /* CellInWeatherVC.swift */ = {isa = PBXFileReference; fileEncoding = 4; lastKnownFileType = sourcecode.swift; name = CellInWeatherVC.swift; path = View/Weather/CellInWeatherVC.swift; sourceTree = "<group>"; };
		EBB0BD911F51AE450017E570 /* ConfigureKitVC.swift */ = {isa = PBXFileReference; fileEncoding = 4; lastKnownFileType = sourcecode.swift; name = ConfigureKitVC.swift; path = "Controller/Gear Management/ConfigureKitVC.swift"; sourceTree = "<group>"; };
		EBB0BD931F51B9860017E570 /* CellInConfigureKitController.swift */ = {isa = PBXFileReference; fileEncoding = 4; lastKnownFileType = sourcecode.swift; name = CellInConfigureKitController.swift; path = "View/Gear Mangement/CellInConfigureKitController.swift"; sourceTree = "<group>"; };
		EBB0BD971F51ED240017E570 /* NameKitVC.swift */ = {isa = PBXFileReference; fileEncoding = 4; lastKnownFileType = sourcecode.swift; name = NameKitVC.swift; path = "Controller/Gear Management/NameKitVC.swift"; sourceTree = "<group>"; };
		EBB0BD991F531DFA0017E570 /* AddGearToKitVC.swift */ = {isa = PBXFileReference; fileEncoding = 4; lastKnownFileType = sourcecode.swift; name = AddGearToKitVC.swift; path = "Controller/Gear Management/AddGearToKitVC.swift"; sourceTree = "<group>"; };
		EBB0BD9B1F535C990017E570 /* CheckMarkOfCollectionViewCell.swift */ = {isa = PBXFileReference; fileEncoding = 4; lastKnownFileType = sourcecode.swift; name = CheckMarkOfCollectionViewCell.swift; path = "View/Gear Mangement/CheckMarkOfCollectionViewCell.swift"; sourceTree = "<group>"; };
		EBB0BD9D1F5368420017E570 /* UICollectionViewControllerEx.swift */ = {isa = PBXFileReference; fileEncoding = 4; lastKnownFileType = sourcecode.swift; path = UICollectionViewControllerEx.swift; sourceTree = "<group>"; };
		EBB0BD9F1F572CC80017E570 /* AddKitsForGearVC.swift */ = {isa = PBXFileReference; fileEncoding = 4; lastKnownFileType = sourcecode.swift; name = AddKitsForGearVC.swift; path = "Controller/Gear Management/AddKitsForGearVC.swift"; sourceTree = "<group>"; };
		EBB0BDA11F5865530017E570 /* SearchGearVC.swift */ = {isa = PBXFileReference; fileEncoding = 4; lastKnownFileType = sourcecode.swift; name = SearchGearVC.swift; path = "Controller/Gear Management/SearchGearVC.swift"; sourceTree = "<group>"; };
		EBB0BDA71F5E98980017E570 /* CalculatingVC.swift */ = {isa = PBXFileReference; fileEncoding = 4; lastKnownFileType = sourcecode.swift; name = CalculatingVC.swift; path = Controller/Calculating/CalculatingVC.swift; sourceTree = "<group>"; };
		EBB0BDA91F5EA19F0017E570 /* DepthOfFieldVC.swift */ = {isa = PBXFileReference; fileEncoding = 4; lastKnownFileType = sourcecode.swift; name = DepthOfFieldVC.swift; path = Controller/Calculating/DepthOfFieldVC.swift; sourceTree = "<group>"; };
		EBB0BDAD1F5F36A90017E570 /* PhotographyParameter.swift */ = {isa = PBXFileReference; fileEncoding = 4; lastKnownFileType = sourcecode.swift; name = PhotographyParameter.swift; path = Calculating/PhotographyParameter.swift; sourceTree = "<group>"; };
		EBB51C911F2CFDD8008AB300 /* Pretium.app */ = {isa = PBXFileReference; explicitFileType = wrapper.application; includeInIndex = 0; path = Pretium.app; sourceTree = BUILT_PRODUCTS_DIR; };
		EBB51C941F2CFDD8008AB300 /* AppDelegate.swift */ = {isa = PBXFileReference; lastKnownFileType = sourcecode.swift; path = AppDelegate.swift; sourceTree = "<group>"; };
		EBB51C961F2CFDD8008AB300 /* MainScreenVC.swift */ = {isa = PBXFileReference; lastKnownFileType = sourcecode.swift; name = MainScreenVC.swift; path = Controller/MainScreenVC.swift; sourceTree = "<group>"; };
		EBB51C991F2CFDD8008AB300 /* Base */ = {isa = PBXFileReference; lastKnownFileType = file.storyboard; name = Base; path = Base.lproj/Main.storyboard; sourceTree = "<group>"; };
		EBB51C9C1F2CFDD8008AB300 /* Pretium.xcdatamodel */ = {isa = PBXFileReference; lastKnownFileType = wrapper.xcdatamodel; path = Pretium.xcdatamodel; sourceTree = "<group>"; };
		EBB51C9E1F2CFDD8008AB300 /* Assets.xcassets */ = {isa = PBXFileReference; lastKnownFileType = folder.assetcatalog; path = Assets.xcassets; sourceTree = "<group>"; };
		EBB51CA11F2CFDD8008AB300 /* Base */ = {isa = PBXFileReference; lastKnownFileType = file.storyboard; name = Base; path = Base.lproj/LaunchScreen.storyboard; sourceTree = "<group>"; };
		EBB51CA31F2CFDD8008AB300 /* Info.plist */ = {isa = PBXFileReference; lastKnownFileType = text.plist.xml; path = Info.plist; sourceTree = "<group>"; };
		EBB51CAC1F2E69FB008AB300 /* AppDelegateEx.swift */ = {isa = PBXFileReference; fileEncoding = 4; lastKnownFileType = sourcecode.swift; path = AppDelegateEx.swift; sourceTree = "<group>"; };
		EBB51CB21F2E7A4E008AB300 /* CustomButtonMainScreen.swift */ = {isa = PBXFileReference; fileEncoding = 4; lastKnownFileType = sourcecode.swift; name = CustomButtonMainScreen.swift; path = "View/Gear Mangement/CustomButtonMainScreen.swift"; sourceTree = "<group>"; };
		EBB51CB61F2FBD22008AB300 /* RadialGradientView.swift */ = {isa = PBXFileReference; fileEncoding = 4; lastKnownFileType = sourcecode.swift; name = RadialGradientView.swift; path = "View/Gear Mangement/RadialGradientView.swift"; sourceTree = "<group>"; };
		EBB51CB81F2FCB2B008AB300 /* GearManagementVC.swift */ = {isa = PBXFileReference; fileEncoding = 4; lastKnownFileType = sourcecode.swift; name = GearManagementVC.swift; path = "Controller/Gear Management/GearManagementVC.swift"; sourceTree = "<group>"; };
		EBB51CBB1F30C8B5008AB300 /* Constant.swift */ = {isa = PBXFileReference; fileEncoding = 4; lastKnownFileType = sourcecode.swift; path = Constant.swift; sourceTree = "<group>"; };
		EBB51CFA1F38C581008AB300 /* ConfigureGearVC.swift */ = {isa = PBXFileReference; fileEncoding = 4; lastKnownFileType = sourcecode.swift; name = ConfigureGearVC.swift; path = "Controller/Gear Management/ConfigureGearVC.swift"; sourceTree = "<group>"; };
		EBB51CFE1F3A21D6008AB300 /* CellInAddGearController.swift */ = {isa = PBXFileReference; fileEncoding = 4; lastKnownFileType = sourcecode.swift; name = CellInAddGearController.swift; path = "View/Gear Mangement/CellInAddGearController.swift"; sourceTree = "<group>"; };
		EBB51D021F3A5F02008AB300 /* CustomPaddingTextField.swift */ = {isa = PBXFileReference; fileEncoding = 4; lastKnownFileType = sourcecode.swift; name = CustomPaddingTextField.swift; path = "View/Gear Mangement/CustomPaddingTextField.swift"; sourceTree = "<group>"; };
		EBB51D061F3CBC91008AB300 /* UIViewControllerEx.swift */ = {isa = PBXFileReference; fileEncoding = 4; lastKnownFileType = sourcecode.swift; path = UIViewControllerEx.swift; sourceTree = "<group>"; };
		EBB51D081F421A31008AB300 /* StringEx.swift */ = {isa = PBXFileReference; fileEncoding = 4; lastKnownFileType = sourcecode.swift; path = StringEx.swift; sourceTree = "<group>"; };
		EBB51D0C1F44BD14008AB300 /* CategorySelectionVC.swift */ = {isa = PBXFileReference; fileEncoding = 4; lastKnownFileType = sourcecode.swift; name = CategorySelectionVC.swift; path = "Controller/Gear Management/CategorySelectionVC.swift"; sourceTree = "<group>"; };
		EBB51D0E1F44BE00008AB300 /* CellInCategoryControlller.swift */ = {isa = PBXFileReference; fileEncoding = 4; lastKnownFileType = sourcecode.swift; name = CellInCategoryControlller.swift; path = "View/Gear Mangement/CellInCategoryControlller.swift"; sourceTree = "<group>"; };
		EBB51D111F44E19F008AB300 /* SendAndReceiveDataDelegate.swift */ = {isa = PBXFileReference; fileEncoding = 4; lastKnownFileType = sourcecode.swift; path = SendAndReceiveDataDelegate.swift; sourceTree = "<group>"; };
		EBB51D2A1F4A0FEC008AB300 /* CustomCellInGearManagementController.swift */ = {isa = PBXFileReference; fileEncoding = 4; lastKnownFileType = sourcecode.swift; name = CustomCellInGearManagementController.swift; path = "View/Gear Mangement/CustomCellInGearManagementController.swift"; sourceTree = "<group>"; };
		EBB51D461F4B6FD4008AB300 /* Gear+CoreDataClass.swift */ = {isa = PBXFileReference; fileEncoding = 4; lastKnownFileType = sourcecode.swift; path = "Gear+CoreDataClass.swift"; sourceTree = "<group>"; };
		EBB51D471F4B6FD4008AB300 /* Gear+CoreDataProperties.swift */ = {isa = PBXFileReference; fileEncoding = 4; lastKnownFileType = sourcecode.swift; path = "Gear+CoreDataProperties.swift"; sourceTree = "<group>"; };
		EBB51D481F4B6FD4008AB300 /* Category+CoreDataClass.swift */ = {isa = PBXFileReference; fileEncoding = 4; lastKnownFileType = sourcecode.swift; path = "Category+CoreDataClass.swift"; sourceTree = "<group>"; };
		EBB51D491F4B6FD4008AB300 /* Category+CoreDataProperties.swift */ = {isa = PBXFileReference; fileEncoding = 4; lastKnownFileType = sourcecode.swift; path = "Category+CoreDataProperties.swift"; sourceTree = "<group>"; };
		EBB51D4A1F4B6FD4008AB300 /* Kit+CoreDataClass.swift */ = {isa = PBXFileReference; fileEncoding = 4; lastKnownFileType = sourcecode.swift; path = "Kit+CoreDataClass.swift"; sourceTree = "<group>"; };
		EBB51D4B1F4B6FD4008AB300 /* Kit+CoreDataProperties.swift */ = {isa = PBXFileReference; fileEncoding = 4; lastKnownFileType = sourcecode.swift; path = "Kit+CoreDataProperties.swift"; sourceTree = "<group>"; };
		EBB51D521F4C278F008AB300 /* GearInCategoryOrKitVC.swift */ = {isa = PBXFileReference; fileEncoding = 4; lastKnownFileType = sourcecode.swift; name = GearInCategoryOrKitVC.swift; path = "Controller/Gear Management/GearInCategoryOrKitVC.swift"; sourceTree = "<group>"; };
/* End PBXFileReference section */

/* Begin PBXFrameworksBuildPhase section */
		EBB51C8E1F2CFDD8008AB300 /* Frameworks */ = {
			isa = PBXFrameworksBuildPhase;
			buildActionMask = 2147483647;
			files = (
			);
			runOnlyForDeploymentPostprocessing = 0;
		};
/* End PBXFrameworksBuildPhase section */

/* Begin PBXGroup section */
		EB87CFC51F606D9500E8E608 /* Weather */ = {
			isa = PBXGroup;
			children = (
				EB87CFC61F60758300E8E608 /* WeatherVC.swift */,
			);
			name = Weather;
			sourceTree = "<group>";
		};
		EB87CFC81F6090D900E8E608 /* Weather */ = {
			isa = PBXGroup;
			children = (
				EB87CFC91F60911C00E8E608 /* CellInWeatherVC.swift */,
			);
			name = Weather;
			sourceTree = "<group>";
		};
		EBB0BDA31F5D527E0017E570 /* Gear Management */ = {
			isa = PBXGroup;
			children = (
				EBB51CB81F2FCB2B008AB300 /* GearManagementVC.swift */,
				EBB0BDA11F5865530017E570 /* SearchGearVC.swift */,
				EBB51D521F4C278F008AB300 /* GearInCategoryOrKitVC.swift */,
				EBB51CFA1F38C581008AB300 /* ConfigureGearVC.swift */,
				EBB51D0C1F44BD14008AB300 /* CategorySelectionVC.swift */,
				EBB0BD9F1F572CC80017E570 /* AddKitsForGearVC.swift */,
				EBB0BD911F51AE450017E570 /* ConfigureKitVC.swift */,
				EBB0BD971F51ED240017E570 /* NameKitVC.swift */,
				EBB0BD991F531DFA0017E570 /* AddGearToKitVC.swift */,
			);
			name = "Gear Management";
			sourceTree = "<group>";
		};
		EBB0BDA51F5D52B60017E570 /* Gear Management */ = {
			isa = PBXGroup;
			children = (
				EBB51CB61F2FBD22008AB300 /* RadialGradientView.swift */,
				EBB51CB21F2E7A4E008AB300 /* CustomButtonMainScreen.swift */,
				EBB51D2A1F4A0FEC008AB300 /* CustomCellInGearManagementController.swift */,
				EBB51CFE1F3A21D6008AB300 /* CellInAddGearController.swift */,
				EBB51D021F3A5F02008AB300 /* CustomPaddingTextField.swift */,
				EBB51D0E1F44BE00008AB300 /* CellInCategoryControlller.swift */,
				EBB0BD931F51B9860017E570 /* CellInConfigureKitController.swift */,
				EBB0BD9B1F535C990017E570 /* CheckMarkOfCollectionViewCell.swift */,
			);
			name = "Gear Management";
			sourceTree = "<group>";
		};
		EBB0BDA61F5E971C0017E570 /* Calculating */ = {
			isa = PBXGroup;
			children = (
				EBB0BDA71F5E98980017E570 /* CalculatingVC.swift */,
				EBB0BDA91F5EA19F0017E570 /* DepthOfFieldVC.swift */,
				EB87CFBF1F5FF53E00E8E608 /* StackingNDFilterVC.swift */,
			);
			name = Calculating;
			sourceTree = "<group>";
		};
		EBB0BDAB1F5F36380017E570 /* GearManagement */ = {
			isa = PBXGroup;
			children = (
				EBB51D461F4B6FD4008AB300 /* Gear+CoreDataClass.swift */,
				EBB51D481F4B6FD4008AB300 /* Category+CoreDataClass.swift */,
				EBB51D4A1F4B6FD4008AB300 /* Kit+CoreDataClass.swift */,
				EBB51D131F498BF8008AB300 /* Generated */,
			);
			name = GearManagement;
			path = "Gear Management";
			sourceTree = "<group>";
		};
		EBB0BDAC1F5F36520017E570 /* Calculating */ = {
			isa = PBXGroup;
			children = (
				EBB0BDAD1F5F36A90017E570 /* PhotographyParameter.swift */,
				EB87CFC31F60110500E8E608 /* StackingNdFiltersCalculator.swift */,
			);
			name = Calculating;
			sourceTree = "<group>";
		};
		EBB51C881F2CFDD8008AB300 = {
			isa = PBXGroup;
			children = (
				EBB51C931F2CFDD8008AB300 /* Pretium */,
				EBB51C921F2CFDD8008AB300 /* Products */,
			);
			sourceTree = "<group>";
		};
		EBB51C921F2CFDD8008AB300 /* Products */ = {
			isa = PBXGroup;
			children = (
				EBB51C911F2CFDD8008AB300 /* Pretium.app */,
			);
			name = Products;
			sourceTree = "<group>";
		};
		EBB51C931F2CFDD8008AB300 /* Pretium */ = {
			isa = PBXGroup;
			children = (
				EBB51CBA1F30C885008AB300 /* Reference */,
				EBB51CAB1F2E5FCD008AB300 /* Models */,
				EBB51CAA1F2E5FC6008AB300 /* Controller */,
				EBB51CA91F2E5FBC008AB300 /* Views */,
				EBB51C981F2CFDD8008AB300 /* Main.storyboard */,
				EBB51C9E1F2CFDD8008AB300 /* Assets.xcassets */,
				EBB51CA01F2CFDD8008AB300 /* LaunchScreen.storyboard */,
				EBB51CA31F2CFDD8008AB300 /* Info.plist */,
				EBB51C9B1F2CFDD8008AB300 /* Pretium.xcdatamodeld */,
			);
			path = Pretium;
			sourceTree = "<group>";
		};
		EBB51CA91F2E5FBC008AB300 /* Views */ = {
			isa = PBXGroup;
			children = (
				EBB0BDA51F5D52B60017E570 /* Gear Management */,
				EB87CFC81F6090D900E8E608 /* Weather */,
			);
			name = Views;
			sourceTree = "<group>";
		};
		EBB51CAA1F2E5FC6008AB300 /* Controller */ = {
			isa = PBXGroup;
			children = (
				EBB51C961F2CFDD8008AB300 /* MainScreenVC.swift */,
				EBB0BDA31F5D527E0017E570 /* Gear Management */,
				EBB0BDA61F5E971C0017E570 /* Calculating */,
				EB87CFC51F606D9500E8E608 /* Weather */,
			);
			name = Controller;
			sourceTree = "<group>";
		};
		EBB51CAB1F2E5FCD008AB300 /* Models */ = {
			isa = PBXGroup;
			children = (
				EBB0BDAB1F5F36380017E570 /* GearManagement */,
				EBB0BDAC1F5F36520017E570 /* Calculating */,
			);
			name = Models;
			path = Model;
			sourceTree = "<group>";
		};
		EBB51CBA1F30C885008AB300 /* Reference */ = {
			isa = PBXGroup;
			children = (
				EBB51CBB1F30C8B5008AB300 /* Constant.swift */,
				EBB51D061F3CBC91008AB300 /* UIViewControllerEx.swift */,
				EBB51D081F421A31008AB300 /* StringEx.swift */,
				EBB51D111F44E19F008AB300 /* SendAndReceiveDataDelegate.swift */,
				EBB0BD9D1F5368420017E570 /* UICollectionViewControllerEx.swift */,
				EB87CFC11F600D5F00E8E608 /* FractionStringToFractionFloat.swift */,
				EBB51C941F2CFDD8008AB300 /* AppDelegate.swift */,
				EBB51CAC1F2E69FB008AB300 /* AppDelegateEx.swift */,
			);
			path = Reference;
			sourceTree = "<group>";
		};
		EBB51D131F498BF8008AB300 /* Generated */ = {
			isa = PBXGroup;
			children = (
				EBB51D471F4B6FD4008AB300 /* Gear+CoreDataProperties.swift */,
				EBB51D491F4B6FD4008AB300 /* Category+CoreDataProperties.swift */,
				EBB51D4B1F4B6FD4008AB300 /* Kit+CoreDataProperties.swift */,
			);
			path = Generated;
			sourceTree = "<group>";
		};
/* End PBXGroup section */

/* Begin PBXNativeTarget section */
		EBB51C901F2CFDD8008AB300 /* Pretium */ = {
			isa = PBXNativeTarget;
			buildConfigurationList = EBB51CA61F2CFDD8008AB300 /* Build configuration list for PBXNativeTarget "Pretium" */;
			buildPhases = (
				EBB51C8D1F2CFDD8008AB300 /* Sources */,
				EBB51C8E1F2CFDD8008AB300 /* Frameworks */,
				EBB51C8F1F2CFDD8008AB300 /* Resources */,
			);
			buildRules = (
			);
			dependencies = (
			);
			name = Pretium;
			productName = Pretium;
			productReference = EBB51C911F2CFDD8008AB300 /* Pretium.app */;
			productType = "com.apple.product-type.application";
		};
/* End PBXNativeTarget section */

/* Begin PBXProject section */
		EBB51C891F2CFDD8008AB300 /* Project object */ = {
			isa = PBXProject;
			attributes = {
				LastSwiftUpdateCheck = 0830;
				LastUpgradeCheck = 0830;
				ORGANIZATIONNAME = "Staham Nguyen";
				TargetAttributes = {
					EBB51C901F2CFDD8008AB300 = {
						CreatedOnToolsVersion = 8.3.3;
						DevelopmentTeam = YH75Q9DPAZ;
						ProvisioningStyle = Automatic;
					};
				};
			};
			buildConfigurationList = EBB51C8C1F2CFDD8008AB300 /* Build configuration list for PBXProject "Pretium" */;
			compatibilityVersion = "Xcode 3.2";
			developmentRegion = English;
			hasScannedForEncodings = 0;
			knownRegions = (
				en,
				Base,
			);
			mainGroup = EBB51C881F2CFDD8008AB300;
			productRefGroup = EBB51C921F2CFDD8008AB300 /* Products */;
			projectDirPath = "";
			projectRoot = "";
			targets = (
				EBB51C901F2CFDD8008AB300 /* Pretium */,
			);
		};
/* End PBXProject section */

/* Begin PBXResourcesBuildPhase section */
		EBB51C8F1F2CFDD8008AB300 /* Resources */ = {
			isa = PBXResourcesBuildPhase;
			buildActionMask = 2147483647;
			files = (
				EBB51CA21F2CFDD8008AB300 /* LaunchScreen.storyboard in Resources */,
				EBB51C9F1F2CFDD8008AB300 /* Assets.xcassets in Resources */,
				EBB51C9A1F2CFDD8008AB300 /* Main.storyboard in Resources */,
			);
			runOnlyForDeploymentPostprocessing = 0;
		};
/* End PBXResourcesBuildPhase section */

/* Begin PBXSourcesBuildPhase section */
		EBB51C8D1F2CFDD8008AB300 /* Sources */ = {
			isa = PBXSourcesBuildPhase;
			buildActionMask = 2147483647;
			files = (
				EBB51D531F4C278F008AB300 /* GearInCategoryOrKitVC.swift in Sources */,
				EB87CFC71F60758300E8E608 /* WeatherVC.swift in Sources */,
				EBB51D121F44E19F008AB300 /* SendAndReceiveDataDelegate.swift in Sources */,
				EBB51C971F2CFDD8008AB300 /* MainScreenVC.swift in Sources */,
				EBB51D4D1F4B6FD4008AB300 /* Gear+CoreDataProperties.swift in Sources */,
				EB87CFC01F5FF53E00E8E608 /* StackingNDFilterVC.swift in Sources */,
				EBB51D0D1F44BD14008AB300 /* CategorySelectionVC.swift in Sources */,
				EBB51D091F421A31008AB300 /* StringEx.swift in Sources */,
				EBB0BDA81F5E98980017E570 /* CalculatingVC.swift in Sources */,
				EBB0BD9C1F535C990017E570 /* CheckMarkOfCollectionViewCell.swift in Sources */,
				EBB51CBC1F30C8B5008AB300 /* Constant.swift in Sources */,
				EBB51CFF1F3A21D6008AB300 /* CellInAddGearController.swift in Sources */,
				EBB51CB71F2FBD22008AB300 /* RadialGradientView.swift in Sources */,
				EBB51D4C1F4B6FD4008AB300 /* Gear+CoreDataClass.swift in Sources */,
				EBB0BDAA1F5EA19F0017E570 /* DepthOfFieldVC.swift in Sources */,
				EBB0BD9E1F5368420017E570 /* UICollectionViewControllerEx.swift in Sources */,
				EB87CFCA1F60911C00E8E608 /* CellInWeatherVC.swift in Sources */,
				EB87CFC21F600D5F00E8E608 /* FractionStringToFractionFloat.swift in Sources */,
				EBB0BD921F51AE450017E570 /* ConfigureKitVC.swift in Sources */,
				EBB51D501F4B6FD4008AB300 /* Kit+CoreDataClass.swift in Sources */,
				EBB0BDA21F5865530017E570 /* SearchGearVC.swift in Sources */,
				EB87CFC41F60110500E8E608 /* StackingNdFiltersCalculator.swift in Sources */,
				EBB51D511F4B6FD4008AB300 /* Kit+CoreDataProperties.swift in Sources */,
				EBB0BDAE1F5F36A90017E570 /* PhotographyParameter.swift in Sources */,
				EBB51CFB1F38C581008AB300 /* ConfigureGearVC.swift in Sources */,
				EBB0BD9A1F531DFA0017E570 /* AddGearToKitVC.swift in Sources */,
				EBB51C951F2CFDD8008AB300 /* AppDelegate.swift in Sources */,
				EBB51C9D1F2CFDD8008AB300 /* Pretium.xcdatamodeld in Sources */,
				EBB0BD981F51ED240017E570 /* NameKitVC.swift in Sources */,
				EBB51CAD1F2E69FB008AB300 /* AppDelegateEx.swift in Sources */,
				EBB51D0F1F44BE00008AB300 /* CellInCategoryControlller.swift in Sources */,
				EBB51CB31F2E7A4E008AB300 /* CustomButtonMainScreen.swift in Sources */,
				EBB51D4E1F4B6FD4008AB300 /* Category+CoreDataClass.swift in Sources */,
				EBB0BDA01F572CC80017E570 /* AddKitsForGearVC.swift in Sources */,
				EBB51D4F1F4B6FD4008AB300 /* Category+CoreDataProperties.swift in Sources */,
				EBB51CB91F2FCB2B008AB300 /* GearManagementVC.swift in Sources */,
				EBB51D031F3A5F02008AB300 /* CustomPaddingTextField.swift in Sources */,
				EBB51D2B1F4A0FEC008AB300 /* CustomCellInGearManagementController.swift in Sources */,
				EBB0BD941F51B9860017E570 /* CellInConfigureKitController.swift in Sources */,
				EBB51D071F3CBC91008AB300 /* UIViewControllerEx.swift in Sources */,
			);
			runOnlyForDeploymentPostprocessing = 0;
		};
/* End PBXSourcesBuildPhase section */

/* Begin PBXVariantGroup section */
		EBB51C981F2CFDD8008AB300 /* Main.storyboard */ = {
			isa = PBXVariantGroup;
			children = (
				EBB51C991F2CFDD8008AB300 /* Base */,
			);
			name = Main.storyboard;
			sourceTree = "<group>";
		};
		EBB51CA01F2CFDD8008AB300 /* LaunchScreen.storyboard */ = {
			isa = PBXVariantGroup;
			children = (
				EBB51CA11F2CFDD8008AB300 /* Base */,
			);
			name = LaunchScreen.storyboard;
			sourceTree = "<group>";
		};
/* End PBXVariantGroup section */

/* Begin XCBuildConfiguration section */
		EBB51CA41F2CFDD8008AB300 /* Debug */ = {
			isa = XCBuildConfiguration;
			buildSettings = {
				ALWAYS_SEARCH_USER_PATHS = NO;
				CLANG_ANALYZER_NONNULL = YES;
				CLANG_ANALYZER_NUMBER_OBJECT_CONVERSION = YES_AGGRESSIVE;
				CLANG_CXX_LANGUAGE_STANDARD = "gnu++0x";
				CLANG_CXX_LIBRARY = "libc++";
				CLANG_ENABLE_MODULES = YES;
				CLANG_ENABLE_OBJC_ARC = YES;
				CLANG_WARN_BOOL_CONVERSION = YES;
				CLANG_WARN_CONSTANT_CONVERSION = YES;
				CLANG_WARN_DIRECT_OBJC_ISA_USAGE = YES_ERROR;
				CLANG_WARN_DOCUMENTATION_COMMENTS = YES;
				CLANG_WARN_EMPTY_BODY = YES;
				CLANG_WARN_ENUM_CONVERSION = YES;
				CLANG_WARN_INFINITE_RECURSION = YES;
				CLANG_WARN_INT_CONVERSION = YES;
				CLANG_WARN_OBJC_ROOT_CLASS = YES_ERROR;
				CLANG_WARN_SUSPICIOUS_MOVE = YES;
				CLANG_WARN_UNREACHABLE_CODE = YES;
				CLANG_WARN__DUPLICATE_METHOD_MATCH = YES;
				"CODE_SIGN_IDENTITY[sdk=iphoneos*]" = "iPhone Developer";
				COPY_PHASE_STRIP = NO;
				DEBUG_INFORMATION_FORMAT = dwarf;
				ENABLE_STRICT_OBJC_MSGSEND = YES;
				ENABLE_TESTABILITY = YES;
				GCC_C_LANGUAGE_STANDARD = gnu99;
				GCC_DYNAMIC_NO_PIC = NO;
				GCC_NO_COMMON_BLOCKS = YES;
				GCC_OPTIMIZATION_LEVEL = 0;
				GCC_PREPROCESSOR_DEFINITIONS = (
					"DEBUG=1",
					"$(inherited)",
				);
				GCC_WARN_64_TO_32_BIT_CONVERSION = YES;
				GCC_WARN_ABOUT_RETURN_TYPE = YES_ERROR;
				GCC_WARN_UNDECLARED_SELECTOR = YES;
				GCC_WARN_UNINITIALIZED_AUTOS = YES_AGGRESSIVE;
				GCC_WARN_UNUSED_FUNCTION = YES;
				GCC_WARN_UNUSED_VARIABLE = YES;
				IPHONEOS_DEPLOYMENT_TARGET = 10.3;
				MTL_ENABLE_DEBUG_INFO = YES;
				ONLY_ACTIVE_ARCH = YES;
				SDKROOT = iphoneos;
				SWIFT_ACTIVE_COMPILATION_CONDITIONS = DEBUG;
				SWIFT_OPTIMIZATION_LEVEL = "-Onone";
				TARGETED_DEVICE_FAMILY = "1,2";
			};
			name = Debug;
		};
		EBB51CA51F2CFDD8008AB300 /* Release */ = {
			isa = XCBuildConfiguration;
			buildSettings = {
				ALWAYS_SEARCH_USER_PATHS = NO;
				CLANG_ANALYZER_NONNULL = YES;
				CLANG_ANALYZER_NUMBER_OBJECT_CONVERSION = YES_AGGRESSIVE;
				CLANG_CXX_LANGUAGE_STANDARD = "gnu++0x";
				CLANG_CXX_LIBRARY = "libc++";
				CLANG_ENABLE_MODULES = YES;
				CLANG_ENABLE_OBJC_ARC = YES;
				CLANG_WARN_BOOL_CONVERSION = YES;
				CLANG_WARN_CONSTANT_CONVERSION = YES;
				CLANG_WARN_DIRECT_OBJC_ISA_USAGE = YES_ERROR;
				CLANG_WARN_DOCUMENTATION_COMMENTS = YES;
				CLANG_WARN_EMPTY_BODY = YES;
				CLANG_WARN_ENUM_CONVERSION = YES;
				CLANG_WARN_INFINITE_RECURSION = YES;
				CLANG_WARN_INT_CONVERSION = YES;
				CLANG_WARN_OBJC_ROOT_CLASS = YES_ERROR;
				CLANG_WARN_SUSPICIOUS_MOVE = YES;
				CLANG_WARN_UNREACHABLE_CODE = YES;
				CLANG_WARN__DUPLICATE_METHOD_MATCH = YES;
				"CODE_SIGN_IDENTITY[sdk=iphoneos*]" = "iPhone Developer";
				COPY_PHASE_STRIP = NO;
				DEBUG_INFORMATION_FORMAT = "dwarf-with-dsym";
				ENABLE_NS_ASSERTIONS = NO;
				ENABLE_STRICT_OBJC_MSGSEND = YES;
				GCC_C_LANGUAGE_STANDARD = gnu99;
				GCC_NO_COMMON_BLOCKS = YES;
				GCC_WARN_64_TO_32_BIT_CONVERSION = YES;
				GCC_WARN_ABOUT_RETURN_TYPE = YES_ERROR;
				GCC_WARN_UNDECLARED_SELECTOR = YES;
				GCC_WARN_UNINITIALIZED_AUTOS = YES_AGGRESSIVE;
				GCC_WARN_UNUSED_FUNCTION = YES;
				GCC_WARN_UNUSED_VARIABLE = YES;
				IPHONEOS_DEPLOYMENT_TARGET = 10.3;
				MTL_ENABLE_DEBUG_INFO = NO;
				SDKROOT = iphoneos;
				SWIFT_OPTIMIZATION_LEVEL = "-Owholemodule";
				TARGETED_DEVICE_FAMILY = "1,2";
				VALIDATE_PRODUCT = YES;
			};
			name = Release;
		};
		EBB51CA71F2CFDD8008AB300 /* Debug */ = {
			isa = XCBuildConfiguration;
			buildSettings = {
				ASSETCATALOG_COMPILER_APPICON_NAME = AppIcon;
				DEVELOPMENT_TEAM = YH75Q9DPAZ;
				INFOPLIST_FILE = Pretium/Info.plist;
				LD_RUNPATH_SEARCH_PATHS = "$(inherited) @executable_path/Frameworks";
				PRODUCT_BUNDLE_IDENTIFIER = Staham.Pretium;
				PRODUCT_NAME = "$(TARGET_NAME)";
				SWIFT_VERSION = 3.0;
			};
			name = Debug;
		};
		EBB51CA81F2CFDD8008AB300 /* Release */ = {
			isa = XCBuildConfiguration;
			buildSettings = {
				ASSETCATALOG_COMPILER_APPICON_NAME = AppIcon;
				DEVELOPMENT_TEAM = YH75Q9DPAZ;
				INFOPLIST_FILE = Pretium/Info.plist;
				LD_RUNPATH_SEARCH_PATHS = "$(inherited) @executable_path/Frameworks";
				PRODUCT_BUNDLE_IDENTIFIER = Staham.Pretium;
				PRODUCT_NAME = "$(TARGET_NAME)";
				SWIFT_VERSION = 3.0;
			};
			name = Release;
		};
/* End XCBuildConfiguration section */

/* Begin XCConfigurationList section */
		EBB51C8C1F2CFDD8008AB300 /* Build configuration list for PBXProject "Pretium" */ = {
			isa = XCConfigurationList;
			buildConfigurations = (
				EBB51CA41F2CFDD8008AB300 /* Debug */,
				EBB51CA51F2CFDD8008AB300 /* Release */,
			);
			defaultConfigurationIsVisible = 0;
			defaultConfigurationName = Release;
		};
		EBB51CA61F2CFDD8008AB300 /* Build configuration list for PBXNativeTarget "Pretium" */ = {
			isa = XCConfigurationList;
			buildConfigurations = (
				EBB51CA71F2CFDD8008AB300 /* Debug */,
				EBB51CA81F2CFDD8008AB300 /* Release */,
			);
			defaultConfigurationIsVisible = 0;
			defaultConfigurationName = Release;
		};
/* End XCConfigurationList section */

/* Begin XCVersionGroup section */
		EBB51C9B1F2CFDD8008AB300 /* Pretium.xcdatamodeld */ = {
			isa = XCVersionGroup;
			children = (
				EBB51C9C1F2CFDD8008AB300 /* Pretium.xcdatamodel */,
			);
			currentVersion = EBB51C9C1F2CFDD8008AB300 /* Pretium.xcdatamodel */;
			path = Pretium.xcdatamodeld;
			sourceTree = "<group>";
			versionGroupType = wrapper.xcdatamodel;
		};
/* End XCVersionGroup section */
	};
	rootObject = EBB51C891F2CFDD8008AB300 /* Project object */;
}
